#MicroXplorer Configuration settings - do not modify
FREERTOS.IPParameters=Tasks01
FREERTOS.Tasks01=defaultTask,0,128,StartDefaultTask,Default,NULL
File.Version=6
KeepUserPlacement=false
Mcu.Family=STM32F0
Mcu.IP0=FREERTOS
Mcu.IP1=I2C2
Mcu.IP2=NVIC
Mcu.IP3=RCC
Mcu.IP4=SYS
Mcu.IP5=TIM14
Mcu.IP6=USART1
Mcu.IPNb=7
Mcu.Name=STM32F030C8Tx
Mcu.Package=LQFP48
Mcu.Pin0=PF0-OSC_IN
Mcu.Pin1=PF1-OSC_OUT
Mcu.Pin10=PA13
Mcu.Pin11=PF6
Mcu.Pin12=PF7
Mcu.Pin13=PA14
Mcu.Pin14=PB3
Mcu.Pin15=PB4
Mcu.Pin16=PB5
Mcu.Pin17=PB6
Mcu.Pin18=PB7
Mcu.Pin19=VP_FREERTOS_VS_ENABLE
Mcu.Pin2=PA4
Mcu.Pin20=VP_SYS_VS_Systick
Mcu.Pin21=VP_TIM14_VS_ClockSourceINT
Mcu.Pin3=PB0
Mcu.Pin4=PB1
Mcu.Pin5=PB2
Mcu.Pin6=PB10
Mcu.Pin7=PB11
Mcu.Pin8=PA9
Mcu.Pin9=PA10
Mcu.PinsNb=22
Mcu.ThirdPartyNb=0
Mcu.UserConstants=
Mcu.UserName=STM32F030C8Tx
MxCube.Version=4.25.0
MxDb.Version=DB.4.0.250
NVIC.HardFault_IRQn=true\:0\:0\:false\:false\:true\:false\:false
NVIC.NonMaskableInt_IRQn=true\:0\:0\:false\:false\:true\:false\:false
NVIC.PendSV_IRQn=true\:3\:0\:false\:false\:false\:true\:false
NVIC.SVC_IRQn=true\:0\:0\:false\:false\:false\:false\:false
NVIC.SysTick_IRQn=true\:3\:0\:false\:false\:true\:true\:false
PA10.Mode=Asynchronous
PA10.Signal=USART1_RX
PA13.Mode=Serial_Wire
PA13.Signal=SYS_SWDIO
PA14.Mode=Serial_Wire
PA14.Signal=SYS_SWCLK
PA4.Signal=S_TIM14_CH1
PA9.Mode=Asynchronous
PA9.Signal=USART1_TX
PB0.Locked=true
PB0.Signal=GPIO_Input
PB1.Locked=true
PB1.Signal=GPIO_Input
PB10.Mode=I2C
PB10.Signal=I2C2_SCL
PB11.Mode=I2C
PB11.Signal=I2C2_SDA
PB2.Locked=true
PB2.Signal=GPIO_Input
PB3.Locked=true
PB3.Signal=GPIO_Input
PB4.Locked=true
PB4.Signal=GPIO_Input
PB5.Locked=true
PB5.Signal=GPIO_Input
PB6.Locked=true
PB6.Signal=GPIO_Input
PB7.Locked=true
PB7.Signal=GPIO_Input
PCC.Checker=false
PCC.Line=STM32F0x0 Value Line
PCC.MCU=STM32F030C8Tx
PCC.PartNumber=STM32F030C8Tx
PCC.Seq0=0
PCC.Series=STM32F0
PCC.Temperature=25
PCC.Vdd=3.6
PF0-OSC_IN.Mode=HSE-External-Oscillator
PF0-OSC_IN.Signal=RCC_OSC_IN
PF1-OSC_OUT.Mode=HSE-External-Oscillator
PF1-OSC_OUT.Signal=RCC_OSC_OUT
PF6.Locked=true
PF6.Signal=GPIO_Output
PF7.Locked=true
PF7.Signal=GPIO_Output
PinOutPanel.RotationAngle=0
RCC.FamilyName=M
RCC.IPParameters=FamilyName,PLLCLKFreq_Value,PLLMCOFreq_Value,TimSysFreq_Value
RCC.PLLCLKFreq_Value=8000000
RCC.PLLMCOFreq_Value=4000000
RCC.TimSysFreq_Value=8000000
SH.S_TIM14_CH1.0=TIM14_CH1,Output Compare1 CH1
SH.S_TIM14_CH1.ConfNb=1
TIM14.Channel=TIM_CHANNEL_1
TIM14.IPParameters=Channel
USART1.IPParameters=VirtualMode-Asynchronous
USART1.VirtualMode-Asynchronous=VM_ASYNC
VP_FREERTOS_VS_ENABLE.Mode=Enabled
VP_FREERTOS_VS_ENABLE.Signal=FREERTOS_VS_ENABLE
VP_SYS_VS_Systick.Mode=SysTick
VP_SYS_VS_Systick.Signal=SYS_VS_Systick
VP_TIM14_VS_ClockSourceINT.Mode=Enable_Timer
VP_TIM14_VS_ClockSourceINT.Signal=TIM14_VS_ClockSourceINT
